
Microsoft Visual Studio Solution File, Format Version 12.00
# Visual Studio 15
VisualStudioVersion = 15.0.28307.1500
MinimumVisualStudioVersion = 10.0.40219.1
Project("{FAE04EC0-301F-11D3-BF4B-00C04F79EFBC}") = "TestUngDung", "TestUngDung\TestUngDung.csproj", "{259C7363-A96F-4E91-A388-38692E022C94}"
EndProject
Project("{FAE04EC0-301F-11D3-BF4B-00C04F79EFBC}") = "ModelEF", "ModelEF\ModelEF.csproj", "{BFF95CEE-D169-4D13-B9BE-AB69F8879D8E}"
EndProject
Project("{FAE04EC0-301F-11D3-BF4B-00C04F79EFBC}") = "Common", "Common\Common.csproj", "{E353FD7D-525F-456E-B237-DC8FA4D70A1A}"
EndProject
Global
	GlobalSection(SolutionConfigurationPlatforms) = preSolution
		Debug|Any CPU = Debug|Any CPU
		Release|Any CPU = Release|Any CPU
	EndGlobalSection
	GlobalSection(ProjectConfigurationPlatforms) = postSolution
		{259C7363-A96F-4E91-A388-38692E022C94}.Debug|Any CPU.ActiveCfg = Debug|Any CPU
		{259C7363-A96F-4E91-A388-38692E022C94}.Debug|Any CPU.Build.0 = Debug|Any CPU
		{259C7363-A96F-4E91-A388-38692E022C94}.Release|Any CPU.ActiveCfg = Release|Any CPU
		{259C7363-A96F-4E91-A388-38692E022C94}.Release|Any CPU.Build.0 = Release|Any CPU
		{BFF95CEE-D169-4D13-B9BE-AB69F8879D8E}.Debug|Any CPU.ActiveCfg = Debug|Any CPU
		{BFF95CEE-D169-4D13-B9BE-AB69F8879D8E}.Debug|Any CPU.Build.0 = Debug|Any CPU
		{BFF95CEE-D169-4D13-B9BE-AB69F8879D8E}.Release|Any CPU.ActiveCfg = Release|Any CPU
		{BFF95CEE-D169-4D13-B9BE-AB69F8879D8E}.Release|Any CPU.Build.0 = Release|Any CPU
		{E353FD7D-525F-456E-B237-DC8FA4D70A1A}.Debug|Any CPU.ActiveCfg = Debug|Any CPU
		{E353FD7D-525F-456E-B237-DC8FA4D70A1A}.Debug|Any CPU.Build.0 = Debug|Any CPU
		{E353FD7D-525F-456E-B237-DC8FA4D70A1A}.Release|Any CPU.ActiveCfg = Release|Any CPU
		{E353FD7D-525F-456E-B237-DC8FA4D70A1A}.Release|Any CPU.Build.0 = Release|Any CPU
	EndGlobalSection
	GlobalSection(SolutionProperties) = preSolution
		HideSolutionNode = FALSE
	EndGlobalSection
	GlobalSection(ExtensibilityGlobals) = postSolution
		SolutionGuid = {083E9649-2B54-4E92-B8A1-05CC0D1FD949}
	EndGlobalSection
EndGlobal
